
Microsoft Visual Studio Solution File, Format Version 12.00
# Visual Studio Version 17
VisualStudioVersion = 17.8.34525.116
MinimumVisualStudioVersion = 10.0.40219.1
Project("{9A19103F-16F7-4668-BE54-9A1E7A4F7556}") = "RapidPay.Api", "RapidPay.Api\RapidPay.Api.csproj", "{E29E01E7-1298-42CF-BA68-A7F9AF22B0D6}"
EndProject
Project("{9A19103F-16F7-4668-BE54-9A1E7A4F7556}") = "RapidPay.Services", "RapidPay.Services\RapidPay.Services.csproj", "{FAD32CEE-3A7B-4632-BDDE-F1B85EA3069E}"
EndProject
Project("{9A19103F-16F7-4668-BE54-9A1E7A4F7556}") = "RapidPay.Data", "RapidPay.Repositories\RapidPay.Data.csproj", "{C97B8920-E8F2-48B0-B441-9CB51C893970}"
EndProject
Project("{9A19103F-16F7-4668-BE54-9A1E7A4F7556}") = "RapidPay.UFE", "RapidPay.UFE\RapidPay.UFE.csproj", "{3E167C88-9DBC-4E0D-9140-658669739F61}"
EndProject
Project("{2150E333-8FDC-42A3-9474-1A3956D46DE8}") = "Solution Items", "Solution Items", "{51078F4D-EC10-41D6-9895-BF7F031D3CBF}"
	ProjectSection(SolutionItems) = preProject
		global.json = global.json
	EndProjectSection
EndProject
Global
	GlobalSection(SolutionConfigurationPlatforms) = preSolution
		Debug|Any CPU = Debug|Any CPU
		Release|Any CPU = Release|Any CPU
	EndGlobalSection
	GlobalSection(ProjectConfigurationPlatforms) = postSolution
		{E29E01E7-1298-42CF-BA68-A7F9AF22B0D6}.Debug|Any CPU.ActiveCfg = Debug|Any CPU
		{E29E01E7-1298-42CF-BA68-A7F9AF22B0D6}.Debug|Any CPU.Build.0 = Debug|Any CPU
		{E29E01E7-1298-42CF-BA68-A7F9AF22B0D6}.Release|Any CPU.ActiveCfg = Release|Any CPU
		{E29E01E7-1298-42CF-BA68-A7F9AF22B0D6}.Release|Any CPU.Build.0 = Release|Any CPU
		{FAD32CEE-3A7B-4632-BDDE-F1B85EA3069E}.Debug|Any CPU.ActiveCfg = Debug|Any CPU
		{FAD32CEE-3A7B-4632-BDDE-F1B85EA3069E}.Debug|Any CPU.Build.0 = Debug|Any CPU
		{FAD32CEE-3A7B-4632-BDDE-F1B85EA3069E}.Release|Any CPU.ActiveCfg = Release|Any CPU
		{FAD32CEE-3A7B-4632-BDDE-F1B85EA3069E}.Release|Any CPU.Build.0 = Release|Any CPU
		{C97B8920-E8F2-48B0-B441-9CB51C893970}.Debug|Any CPU.ActiveCfg = Debug|Any CPU
		{C97B8920-E8F2-48B0-B441-9CB51C893970}.Debug|Any CPU.Build.0 = Debug|Any CPU
		{C97B8920-E8F2-48B0-B441-9CB51C893970}.Release|Any CPU.ActiveCfg = Release|Any CPU
		{C97B8920-E8F2-48B0-B441-9CB51C893970}.Release|Any CPU.Build.0 = Release|Any CPU
		{3E167C88-9DBC-4E0D-9140-658669739F61}.Debug|Any CPU.ActiveCfg = Debug|Any CPU
		{3E167C88-9DBC-4E0D-9140-658669739F61}.Debug|Any CPU.Build.0 = Debug|Any CPU
		{3E167C88-9DBC-4E0D-9140-658669739F61}.Release|Any CPU.ActiveCfg = Release|Any CPU
		{3E167C88-9DBC-4E0D-9140-658669739F61}.Release|Any CPU.Build.0 = Release|Any CPU
	EndGlobalSection
	GlobalSection(SolutionProperties) = preSolution
		HideSolutionNode = FALSE
	EndGlobalSection
	GlobalSection(ExtensibilityGlobals) = postSolution
		SolutionGuid = {0587B442-3025-4ED7-B064-892C46916029}
	EndGlobalSection
EndGlobal
